// !$*UTF8*$!
{
	archiveVersion = 1;
	classes = {
	};
	objectVersion = 46;
	objects = {

/* Begin PBXBuildFile section */
		1C66257E1E19862400F47336 /* AppDelegate.swift in Sources */ = {isa = PBXBuildFile; fileRef = 1C66257D1E19862400F47336 /* AppDelegate.swift */; };
		1C6625801E19862400F47336 /* ViewController.swift in Sources */ = {isa = PBXBuildFile; fileRef = 1C66257F1E19862400F47336 /* ViewController.swift */; };
		1C6625831E19862400F47336 /* Main.storyboard in Resources */ = {isa = PBXBuildFile; fileRef = 1C6625811E19862400F47336 /* Main.storyboard */; };
		1C6625861E19862400F47336 /* Exercice_IOS.xcdatamodeld in Sources */ = {isa = PBXBuildFile; fileRef = 1C6625841E19862400F47336 /* Exercice_IOS.xcdatamodeld */; };
		1C6625881E19862500F47336 /* Assets.xcassets in Resources */ = {isa = PBXBuildFile; fileRef = 1C6625871E19862500F47336 /* Assets.xcassets */; };
		1C66258B1E19862500F47336 /* LaunchScreen.storyboard in Resources */ = {isa = PBXBuildFile; fileRef = 1C6625891E19862500F47336 /* LaunchScreen.storyboard */; };
		1C6625961E19862500F47336 /* Exercice_IOSTests.swift in Sources */ = {isa = PBXBuildFile; fileRef = 1C6625951E19862500F47336 /* Exercice_IOSTests.swift */; };
		1C6625A11E19862500F47336 /* Exercice_IOSUITests.swift in Sources */ = {isa = PBXBuildFile; fileRef = 1C6625A01E19862500F47336 /* Exercice_IOSUITests.swift */; };
/* End PBXBuildFile section */

/* Begin PBXContainerItemProxy section */
		1C6625921E19862500F47336 /* PBXContainerItemProxy */ = {
			isa = PBXContainerItemProxy;
			containerPortal = 1C6625721E19862400F47336 /* Project object */;
			proxyType = 1;
			remoteGlobalIDString = 1C6625791E19862400F47336;
			remoteInfo = "Exercice IOS";
		};
		1C66259D1E19862500F47336 /* PBXContainerItemProxy */ = {
			isa = PBXContainerItemProxy;
			containerPortal = 1C6625721E19862400F47336 /* Project object */;
			proxyType = 1;
			remoteGlobalIDString = 1C6625791E19862400F47336;
			remoteInfo = "Exercice IOS";
		};
/* End PBXContainerItemProxy section */

/* Begin PBXFileReference section */
		1C66257A1E19862400F47336 /* Exercice IOS.app */ = {isa = PBXFileReference; explicitFileType = wrapper.application; includeInIndex = 0; path = "Exercice IOS.app"; sourceTree = BUILT_PRODUCTS_DIR; };
		1C66257D1E19862400F47336 /* AppDelegate.swift */ = {isa = PBXFileReference; lastKnownFileType = sourcecode.swift; path = AppDelegate.swift; sourceTree = "<group>"; };
		1C66257F1E19862400F47336 /* ViewController.swift */ = {isa = PBXFileReference; lastKnownFileType = sourcecode.swift; path = ViewController.swift; sourceTree = "<group>"; };
		1C6625821E19862400F47336 /* Base */ = {isa = PBXFileReference; lastKnownFileType = file.storyboard; name = Base; path = Base.lproj/Main.storyboard; sourceTree = "<group>"; };
		1C6625851E19862400F47336 /* Exercice_IOS.xcdatamodel */ = {isa = PBXFileReference; lastKnownFileType = wrapper.xcdatamodel; path = Exercice_IOS.xcdatamodel; sourceTree = "<group>"; };
		1C6625871E19862500F47336 /* Assets.xcassets */ = {isa = PBXFileReference; lastKnownFileType = folder.assetcatalog; path = Assets.xcassets; sourceTree = "<group>"; };
		1C66258A1E19862500F47336 /* Base */ = {isa = PBXFileReference; lastKnownFileType = file.storyboard; name = Base; path = Base.lproj/LaunchScreen.storyboard; sourceTree = "<group>"; };
		1C66258C1E19862500F47336 /* Info.plist */ = {isa = PBXFileReference; lastKnownFileType = text.plist.xml; path = Info.plist; sourceTree = "<group>"; };
		1C6625911E19862500F47336 /* Exercice IOSTests.xctest */ = {isa = PBXFileReference; explicitFileType = wrapper.cfbundle; includeInIndex = 0; path = "Exercice IOSTests.xctest"; sourceTree = BUILT_PRODUCTS_DIR; };
		1C6625951E19862500F47336 /* Exercice_IOSTests.swift */ = {isa = PBXFileReference; lastKnownFileType = sourcecode.swift; path = Exercice_IOSTests.swift; sourceTree = "<group>"; };
		1C6625971E19862500F47336 /* Info.plist */ = {isa = PBXFileReference; lastKnownFileType = text.plist.xml; path = Info.plist; sourceTree = "<group>"; };
		1C66259C1E19862500F47336 /* Exercice IOSUITests.xctest */ = {isa = PBXFileReference; explicitFileType = wrapper.cfbundle; includeInIndex = 0; path = "Exercice IOSUITests.xctest"; sourceTree = BUILT_PRODUCTS_DIR; };
		1C6625A01E19862500F47336 /* Exercice_IOSUITests.swift */ = {isa = PBXFileReference; lastKnownFileType = sourcecode.swift; path = Exercice_IOSUITests.swift; sourceTree = "<group>"; };
		1C6625A21E19862500F47336 /* Info.plist */ = {isa = PBXFileReference; lastKnownFileType = text.plist.xml; path = Info.plist; sourceTree = "<group>"; };
/* End PBXFileReference section */

/* Begin PBXFrameworksBuildPhase section */
		1C6625771E19862400F47336 /* Frameworks */ = {
			isa = PBXFrameworksBuildPhase;
			buildActionMask = 2147483647;
			files = (
			);
			runOnlyForDeploymentPostprocessing = 0;
		};
		1C66258E1E19862500F47336 /* Frameworks */ = {
			isa = PBXFrameworksBuildPhase;
			buildActionMask = 2147483647;
			files = (
			);
			runOnlyForDeploymentPostprocessing = 0;
		};
		1C6625991E19862500F47336 /* Frameworks */ = {
			isa = PBXFrameworksBuildPhase;
			buildActionMask = 2147483647;
			files = (
			);
			runOnlyForDeploymentPostprocessing = 0;
		};
/* End PBXFrameworksBuildPhase section */

/* Begin PBXGroup section */
		1C6625711E19862300F47336 = {
			isa = PBXGroup;
			children = (
				1C66257C1E19862400F47336 /* Exercice IOS */,
				1C6625941E19862500F47336 /* Exercice IOSTests */,
				1C66259F1E19862500F47336 /* Exercice IOSUITests */,
				1C66257B1E19862400F47336 /* Products */,
			);
			sourceTree = "<group>";
		};
		1C66257B1E19862400F47336 /* Products */ = {
			isa = PBXGroup;
			children = (
				1C66257A1E19862400F47336 /* Exercice IOS.app */,
				1C6625911E19862500F47336 /* Exercice IOSTests.xctest */,
				1C66259C1E19862500F47336 /* Exercice IOSUITests.xctest */,
			);
			name = Products;
			sourceTree = "<group>";
		};
		1C66257C1E19862400F47336 /* Exercice IOS */ = {
			isa = PBXGroup;
			children = (
				1C66257D1E19862400F47336 /* AppDelegate.swift */,
				1C66257F1E19862400F47336 /* ViewController.swift */,
				1C6625811E19862400F47336 /* Main.storyboard */,
				1C6625871E19862500F47336 /* Assets.xcassets */,
				1C6625891E19862500F47336 /* LaunchScreen.storyboard */,
				1C66258C1E19862500F47336 /* Info.plist */,
				1C6625841E19862400F47336 /* Exercice_IOS.xcdatamodeld */,
			);
			path = "Exercice IOS";
			sourceTree = "<group>";
		};
		1C6625941E19862500F47336 /* Exercice IOSTests */ = {
			isa = PBXGroup;
			children = (
				1C6625951E19862500F47336 /* Exercice_IOSTests.swift */,
				1C6625971E19862500F47336 /* Info.plist */,
			);
			path = "Exercice IOSTests";
			sourceTree = "<group>";
		};
		1C66259F1E19862500F47336 /* Exercice IOSUITests */ = {
			isa = PBXGroup;
			children = (
				1C6625A01E19862500F47336 /* Exercice_IOSUITests.swift */,
				1C6625A21E19862500F47336 /* Info.plist */,
			);
			path = "Exercice IOSUITests";
			sourceTree = "<group>";
		};
/* End PBXGroup section */

/* Begin PBXNativeTarget section */
		1C6625791E19862400F47336 /* Exercice IOS */ = {
			isa = PBXNativeTarget;
			buildConfigurationList = 1C6625A51E19862500F47336 /* Build configuration list for PBXNativeTarget "Exercice IOS" */;
			buildPhases = (
				1C6625761E19862400F47336 /* Sources */,
				1C6625771E19862400F47336 /* Frameworks */,
				1C6625781E19862400F47336 /* Resources */,
			);
			buildRules = (
			);
			dependencies = (
			);
			name = "Exercice IOS";
			productName = "Exercice IOS";
			productReference = 1C66257A1E19862400F47336 /* Exercice IOS.app */;
			productType = "com.apple.product-type.application";
		};
		1C6625901E19862500F47336 /* Exercice IOSTests */ = {
			isa = PBXNativeTarget;
			buildConfigurationList = 1C6625A81E19862500F47336 /* Build configuration list for PBXNativeTarget "Exercice IOSTests" */;
			buildPhases = (
				1C66258D1E19862500F47336 /* Sources */,
				1C66258E1E19862500F47336 /* Frameworks */,
				1C66258F1E19862500F47336 /* Resources */,
			);
			buildRules = (
			);
			dependencies = (
				1C6625931E19862500F47336 /* PBXTargetDependency */,
			);
			name = "Exercice IOSTests";
			productName = "Exercice IOSTests";
			productReference = 1C6625911E19862500F47336 /* Exercice IOSTests.xctest */;
			productType = "com.apple.product-type.bundle.unit-test";
		};
		1C66259B1E19862500F47336 /* Exercice IOSUITests */ = {
			isa = PBXNativeTarget;
			buildConfigurationList = 1C6625AB1E19862500F47336 /* Build configuration list for PBXNativeTarget "Exercice IOSUITests" */;
			buildPhases = (
				1C6625981E19862500F47336 /* Sources */,
				1C6625991E19862500F47336 /* Frameworks */,
				1C66259A1E19862500F47336 /* Resources */,
			);
			buildRules = (
			);
			dependencies = (
				1C66259E1E19862500F47336 /* PBXTargetDependency */,
			);
			name = "Exercice IOSUITests";
			productName = "Exercice IOSUITests";
			productReference = 1C66259C1E19862500F47336 /* Exercice IOSUITests.xctest */;
			productType = "com.apple.product-type.bundle.ui-testing";
		};
/* End PBXNativeTarget section */

/* Begin PBXProject section */
		1C6625721E19862400F47336 /* Project object */ = {
			isa = PBXProject;
			attributes = {
				LastSwiftUpdateCheck = 0810;
				LastUpgradeCheck = 0810;
				ORGANIZATIONNAME = DaLeux;
				TargetAttributes = {
					1C6625791E19862400F47336 = {
						CreatedOnToolsVersion = 8.1;
						ProvisioningStyle = Automatic;
					};
					1C6625901E19862500F47336 = {
						CreatedOnToolsVersion = 8.1;
						ProvisioningStyle = Automatic;
						TestTargetID = 1C6625791E19862400F47336;
					};
					1C66259B1E19862500F47336 = {
						CreatedOnToolsVersion = 8.1;
						ProvisioningStyle = Automatic;
						TestTargetID = 1C6625791E19862400F47336;
					};
				};
			};
			buildConfigurationList = 1C6625751E19862400F47336 /* Build configuration list for PBXProject "Exercice IOS" */;
			compatibilityVersion = "Xcode 3.2";
			developmentRegion = English;
			hasScannedForEncodings = 0;
			knownRegions = (
				en,
				Base,
			);
			mainGroup = 1C6625711E19862300F47336;
			productRefGroup = 1C66257B1E19862400F47336 /* Products */;
			projectDirPath = "";
			projectRoot = "";
			targets = (
				1C6625791E19862400F47336 /* Exercice IOS */,
				1C6625901E19862500F47336 /* Exercice IOSTests */,
				1C66259B1E19862500F47336 /* Exercice IOSUITests */,
			);
		};
/* End PBXProject section */

/* Begin PBXResourcesBuildPhase section */
		1C6625781E19862400F47336 /* Resources */ = {
			isa = PBXResourcesBuildPhase;
			buildActionMask = 2147483647;
			files = (
				1C66258B1E19862500F47336 /* LaunchScreen.storyboard in Resources */,
				1C6625881E19862500F47336 /* Assets.xcassets in Resources */,
				1C6625831E19862400F47336 /* Main.storyboard in Resources */,
			);
			runOnlyForDeploymentPostprocessing = 0;
		};
		1C66258F1E19862500F47336 /* Resources */ = {
			isa = PBXResourcesBuildPhase;
			buildActionMask = 2147483647;
			files = (
			);
			runOnlyForDeploymentPostprocessing = 0;
		};
		1C66259A1E19862500F47336 /* Resources */ = {
			isa = PBXResourcesBuildPhase;
			buildActionMask = 2147483647;
			files = (
			);
			runOnlyForDeploymentPostprocessing = 0;
		};
/* End PBXResourcesBuildPhase section */

/* Begin PBXSourcesBuildPhase section */
		1C6625761E19862400F47336 /* Sources */ = {
			isa = PBXSourcesBuildPhase;
			buildActionMask = 2147483647;
			files = (
				1C6625801E19862400F47336 /* ViewController.swift in Sources */,
				1C66257E1E19862400F47336 /* AppDelegate.swift in Sources */,
				1C6625861E19862400F47336 /* Exercice_IOS.xcdatamodeld in Sources */,
			);
			runOnlyForDeploymentPostprocessing = 0;
		};
		1C66258D1E19862500F47336 /* Sources */ = {
			isa = PBXSourcesBuildPhase;
			buildActionMask = 2147483647;
			files = (
				1C6625961E19862500F47336 /* Exercice_IOSTests.swift in Sources */,
			);
			runOnlyForDeploymentPostprocessing = 0;
		};
		1C6625981E19862500F47336 /* Sources */ = {
			isa = PBXSourcesBuildPhase;
			buildActionMask = 2147483647;
			files = (
				1C6625A11E19862500F47336 /* Exercice_IOSUITests.swift in Sources */,
			);
			runOnlyForDeploymentPostprocessing = 0;
		};
/* End PBXSourcesBuildPhase section */

/* Begin PBXTargetDependency section */
		1C6625931E19862500F47336 /* PBXTargetDependency */ = {
			isa = PBXTargetDependency;
			target = 1C6625791E19862400F47336 /* Exercice IOS */;
			targetProxy = 1C6625921E19862500F47336 /* PBXContainerItemProxy */;
		};
		1C66259E1E19862500F47336 /* PBXTargetDependency */ = {
			isa = PBXTargetDependency;
			target = 1C6625791E19862400F47336 /* Exercice IOS */;
			targetProxy = 1C66259D1E19862500F47336 /* PBXContainerItemProxy */;
		};
/* End PBXTargetDependency section */

/* Begin PBXVariantGroup section */
		1C6625811E19862400F47336 /* Main.storyboard */ = {
			isa = PBXVariantGroup;
			children = (
				1C6625821E19862400F47336 /* Base */,
			);
			name = Main.storyboard;
			sourceTree = "<group>";
		};
		1C6625891E19862500F47336 /* LaunchScreen.storyboard */ = {
			isa = PBXVariantGroup;
			children = (
				1C66258A1E19862500F47336 /* Base */,
			);
			name = LaunchScreen.storyboard;
			sourceTree = "<group>";
		};
/* End PBXVariantGroup section */

/* Begin XCBuildConfiguration section */
		1C6625A31E19862500F47336 /* Debug */ = {
			isa = XCBuildConfiguration;
			buildSettings = {
				ALWAYS_SEARCH_USER_PATHS = NO;
				CLANG_ANALYZER_NONNULL = YES;
				CLANG_CXX_LANGUAGE_STANDARD = "gnu++0x";
				CLANG_CXX_LIBRARY = "libc++";
				CLANG_ENABLE_MODULES = YES;
				CLANG_ENABLE_OBJC_ARC = YES;
				CLANG_WARN_BOOL_CONVERSION = YES;
				CLANG_WARN_CONSTANT_CONVERSION = YES;
				CLANG_WARN_DIRECT_OBJC_ISA_USAGE = YES_ERROR;
				CLANG_WARN_DOCUMENTATION_COMMENTS = YES;
				CLANG_WARN_EMPTY_BODY = YES;
				CLANG_WARN_ENUM_CONVERSION = YES;
				CLANG_WARN_INFINITE_RECURSION = YES;
				CLANG_WARN_INT_CONVERSION = YES;
				CLANG_WARN_OBJC_ROOT_CLASS = YES_ERROR;
				CLANG_WARN_SUSPICIOUS_MOVES = YES;
				CLANG_WARN_UNREACHABLE_CODE = YES;
				CLANG_WARN__DUPLICATE_METHOD_MATCH = YES;
				"CODE_SIGN_IDENTITY[sdk=iphoneos*]" = "iPhone Developer";
				COPY_PHASE_STRIP = NO;
				DEBUG_INFORMATION_FORMAT = dwarf;
				ENABLE_STRICT_OBJC_MSGSEND = YES;
				ENABLE_TESTABILITY = YES;
				GCC_C_LANGUAGE_STANDARD = gnu99;
				GCC_DYNAMIC_NO_PIC = NO;
				GCC_NO_COMMON_BLOCKS = YES;
				GCC_OPTIMIZATION_LEVEL = 0;
				GCC_PREPROCESSOR_DEFINITIONS = (
					"DEBUG=1",
					"$(inherited)",
				);
				GCC_WARN_64_TO_32_BIT_CONVERSION = YES;
				GCC_WARN_ABOUT_RETURN_TYPE = YES_ERROR;
				GCC_WARN_UNDECLARED_SELECTOR = YES;
				GCC_WARN_UNINITIALIZED_AUTOS = YES_AGGRESSIVE;
				GCC_WARN_UNUSED_FUNCTION = YES;
				GCC_WARN_UNUSED_VARIABLE = YES;
				IPHONEOS_DEPLOYMENT_TARGET = 10.1;
				MTL_ENABLE_DEBUG_INFO = YES;
				ONLY_ACTIVE_ARCH = YES;
				SDKROOT = iphoneos;
				SWIFT_ACTIVE_COMPILATION_CONDITIONS = DEBUG;
				SWIFT_OPTIMIZATION_LEVEL = "-Onone";
				TARGETED_DEVICE_FAMILY = "1,2";
			};
			name = Debug;
		};
		1C6625A41E19862500F47336 /* Release */ = {
			isa = XCBuildConfiguration;
			buildSettings = {
				ALWAYS_SEARCH_USER_PATHS = NO;
				CLANG_ANALYZER_NONNULL = YES;
				CLANG_CXX_LANGUAGE_STANDARD = "gnu++0x";
				CLANG_CXX_LIBRARY = "libc++";
				CLANG_ENABLE_MODULES = YES;
				CLANG_ENABLE_OBJC_ARC = YES;
				CLANG_WARN_BOOL_CONVERSION = YES;
				CLANG_WARN_CONSTANT_CONVERSION = YES;
				CLANG_WARN_DIRECT_OBJC_ISA_USAGE = YES_ERROR;
				CLANG_WARN_DOCUMENTATION_COMMENTS = YES;
				CLANG_WARN_EMPTY_BODY = YES;
				CLANG_WARN_ENUM_CONVERSION = YES;
				CLANG_WARN_INFINITE_RECURSION = YES;
				CLANG_WARN_INT_CONVERSION = YES;
				CLANG_WARN_OBJC_ROOT_CLASS = YES_ERROR;
				CLANG_WARN_SUSPICIOUS_MOVES = YES;
				CLANG_WARN_UNREACHABLE_CODE = YES;
				CLANG_WARN__DUPLICATE_METHOD_MATCH = YES;
				"CODE_SIGN_IDENTITY[sdk=iphoneos*]" = "iPhone Developer";
				COPY_PHASE_STRIP = NO;
				DEBUG_INFORMATION_FORMAT = "dwarf-with-dsym";
				ENABLE_NS_ASSERTIONS = NO;
				ENABLE_STRICT_OBJC_MSGSEND = YES;
				GCC_C_LANGUAGE_STANDARD = gnu99;
				GCC_NO_COMMON_BLOCKS = YES;
				GCC_WARN_64_TO_32_BIT_CONVERSION = YES;
				GCC_WARN_ABOUT_RETURN_TYPE = YES_ERROR;
				GCC_WARN_UNDECLARED_SELECTOR = YES;
				GCC_WARN_UNINITIALIZED_AUTOS = YES_AGGRESSIVE;
				GCC_WARN_UNUSED_FUNCTION = YES;
				GCC_WARN_UNUSED_VARIABLE = YES;
				IPHONEOS_DEPLOYMENT_TARGET = 10.1;
				MTL_ENABLE_DEBUG_INFO = NO;
				SDKROOT = iphoneos;
				SWIFT_OPTIMIZATION_LEVEL = "-Owholemodule";
				TARGETED_DEVICE_FAMILY = "1,2";
				VALIDATE_PRODUCT = YES;
			};
			name = Release;
		};
		1C6625A61E19862500F47336 /* Debug */ = {
			isa = XCBuildConfiguration;
			buildSettings = {
				ASSETCATALOG_COMPILER_APPICON_NAME = AppIcon;
				INFOPLIST_FILE = "Exercice IOS/Info.plist";
				LD_RUNPATH_SEARCH_PATHS = "$(inherited) @executable_path/Frameworks";
				PRODUCT_BUNDLE_IDENTIFIER = "DL.Exercice-IOS";
				PRODUCT_NAME = "$(TARGET_NAME)";
				SWIFT_VERSION = 3.0;
			};
			name = Debug;
		};
		1C6625A71E19862500F47336 /* Release */ = {
			isa = XCBuildConfiguration;
			buildSettings = {
				ASSETCATALOG_COMPILER_APPICON_NAME = AppIcon;
				INFOPLIST_FILE = "Exercice IOS/Info.plist";
				LD_RUNPATH_SEARCH_PATHS = "$(inherited) @executable_path/Frameworks";
				PRODUCT_BUNDLE_IDENTIFIER = "DL.Exercice-IOS";
				PRODUCT_NAME = "$(TARGET_NAME)";
				SWIFT_VERSION = 3.0;
			};
			name = Release;
		};
		1C6625A91E19862500F47336 /* Debug */ = {
			isa = XCBuildConfiguration;
			buildSettings = {
				ALWAYS_EMBED_SWIFT_STANDARD_LIBRARIES = YES;
				BUNDLE_LOADER = "$(TEST_HOST)";
				INFOPLIST_FILE = "Exercice IOSTests/Info.plist";
				LD_RUNPATH_SEARCH_PATHS = "$(inherited) @executable_path/Frameworks @loader_path/Frameworks";
				PRODUCT_BUNDLE_IDENTIFIER = "DL.Exercice-IOSTests";
				PRODUCT_NAME = "$(TARGET_NAME)";
				SWIFT_VERSION = 3.0;
				TEST_HOST = "$(BUILT_PRODUCTS_DIR)/Exercice IOS.app/Exercice IOS";
			};
			name = Debug;
		};
		1C6625AA1E19862500F47336 /* Release */ = {
			isa = XCBuildConfiguration;
			buildSettings = {
				ALWAYS_EMBED_SWIFT_STANDARD_LIBRARIES = YES;
				BUNDLE_LOADER = "$(TEST_HOST)";
				INFOPLIST_FILE = "Exercice IOSTests/Info.plist";
				LD_RUNPATH_SEARCH_PATHS = "$(inherited) @executable_path/Frameworks @loader_path/Frameworks";
				PRODUCT_BUNDLE_IDENTIFIER = "DL.Exercice-IOSTests";
				PRODUCT_NAME = "$(TARGET_NAME)";
				SWIFT_VERSION = 3.0;
				TEST_HOST = "$(BUILT_PRODUCTS_DIR)/Exercice IOS.app/Exercice IOS";
			};
			name = Release;
		};
		1C6625AC1E19862500F47336 /* Debug */ = {
			isa = XCBuildConfiguration;
			buildSettings = {
				ALWAYS_EMBED_SWIFT_STANDARD_LIBRARIES = YES;
				INFOPLIST_FILE = "Exercice IOSUITests/Info.plist";
				LD_RUNPATH_SEARCH_PATHS = "$(inherited) @executable_path/Frameworks @loader_path/Frameworks";
				PRODUCT_BUNDLE_IDENTIFIER = "DL.Exercice-IOSUITests";
				PRODUCT_NAME = "$(TARGET_NAME)";
				SWIFT_VERSION = 3.0;
				TEST_TARGET_NAME = "Exercice IOS";
			};
			name = Debug;
		};
		1C6625AD1E19862500F47336 /* Release */ = {
			isa = XCBuildConfiguration;
			buildSettings = {
				ALWAYS_EMBED_SWIFT_STANDARD_LIBRARIES = YES;
				INFOPLIST_FILE = "Exercice IOSUITests/Info.plist";
				LD_RUNPATH_SEARCH_PATHS = "$(inherited) @executable_path/Frameworks @loader_path/Frameworks";
				PRODUCT_BUNDLE_IDENTIFIER = "DL.Exercice-IOSUITests";
				PRODUCT_NAME = "$(TARGET_NAME)";
				SWIFT_VERSION = 3.0;
				TEST_TARGET_NAME = "Exercice IOS";
			};
			name = Release;
		};
/* End XCBuildConfiguration section */

/* Begin XCConfigurationList section */
		1C6625751E19862400F47336 /* Build configuration list for PBXProject "Exercice IOS" */ = {
			isa = XCConfigurationList;
			buildConfigurations = (
				1C6625A31E19862500F47336 /* Debug */,
				1C6625A41E19862500F47336 /* Release */,
			);
			defaultConfigurationIsVisible = 0;
			defaultConfigurationName = Release;
		};
		1C6625A51E19862500F47336 /* Build configuration list for PBXNativeTarget "Exercice IOS" */ = {
			isa = XCConfigurationList;
			buildConfigurations = (
				1C6625A61E19862500F47336 /* Debug */,
				1C6625A71E19862500F47336 /* Release */,
			);
			defaultConfigurationIsVisible = 0;
		};
		1C6625A81E19862500F47336 /* Build configuration list for PBXNativeTarget "Exercice IOSTests" */ = {
			isa = XCConfigurationList;
			buildConfigurations = (
				1C6625A91E19862500F47336 /* Debug */,
				1C6625AA1E19862500F47336 /* Release */,
			);
			defaultConfigurationIsVisible = 0;
		};
		1C6625AB1E19862500F47336 /* Build configuration list for PBXNativeTarget "Exercice IOSUITests" */ = {
			isa = XCConfigurationList;
			buildConfigurations = (
				1C6625AC1E19862500F47336 /* Debug */,
				1C6625AD1E19862500F47336 /* Release */,
			);
			defaultConfigurationIsVisible = 0;
		};
/* End XCConfigurationList section */

/* Begin XCVersionGroup section */
		1C6625841E19862400F47336 /* Exercice_IOS.xcdatamodeld */ = {
			isa = XCVersionGroup;
			children = (
				1C6625851E19862400F47336 /* Exercice_IOS.xcdatamodel */,
			);
			currentVersion = 1C6625851E19862400F47336 /* Exercice_IOS.xcdatamodel */;
			path = Exercice_IOS.xcdatamodeld;
			sourceTree = "<group>";
			versionGroupType = wrapper.xcdatamodel;
		};
/* End XCVersionGroup section */
	};
	rootObject = 1C6625721E19862400F47336 /* Project object */;
}
